{
  "version": 4,
  "terraform_version": "1.0.11",
  "serial": 11,
  "lineage": "128d1967-fce4-caa5-6c40-92af8a098b75",
  "outputs": {},
  "resources": [
    {
      "module": "module.kubeedge",
      "mode": "data",
      "type": "google_compute_image",
      "name": "ubuntu",
      "provider": "provider[\"registry.terraform.io/hashicorp/google\"]",
      "instances": [
        {
          "schema_version": 0,
          "attributes": {
            "archive_size_bytes": 2355278976,
            "creation_timestamp": "2021-11-18T07:39:37.859-08:00",
            "description": "Canonical, Ubuntu, 18.04 LTS, amd64 bionic image built on 2021-11-15, supports Shielded VM features",
            "disk_size_gb": 10,
            "family": "ubuntu-1804-lts",
            "filter": null,
            "id": "projects/ubuntu-os-cloud/global/images/ubuntu-1804-bionic-v20211115",
            "image_encryption_key_sha256": "",
            "image_id": "2979704101056269654",
            "label_fingerprint": "42WmSpB8rSM=",
            "labels": {},
            "licenses": [
              "https://www.googleapis.com/compute/v1/projects/ubuntu-os-cloud/global/licenses/ubuntu-1804-lts"
            ],
            "name": "ubuntu-1804-bionic-v20211115",
            "project": "ubuntu-os-cloud",
            "self_link": "https://www.googleapis.com/compute/v1/projects/ubuntu-os-cloud/global/images/ubuntu-1804-bionic-v20211115",
            "source_disk": "",
            "source_disk_encryption_key_sha256": "",
            "source_disk_id": "",
            "source_image_id": "",
            "status": "READY"
          },
          "sensitive_attributes": []
        }
      ]
    },
    {
      "module": "module.kubeedge",
      "mode": "data",
      "type": "template_file",
      "name": "cloudcore_init",
      "provider": "provider[\"registry.terraform.io/hashicorp/template\"]",
      "instances": []
    },
    {
      "module": "module.kubeedge",
      "mode": "data",
      "type": "template_file",
      "name": "edgecore_init",
      "provider": "provider[\"registry.terraform.io/hashicorp/template\"]",
      "instances": []
    },
    {
      "module": "module.kubeedge",
      "mode": "managed",
      "type": "google_compute_instance",
      "name": "kubeedge_cloudcore",
      "provider": "provider[\"registry.terraform.io/hashicorp/google\"]",
      "instances": []
    },
    {
      "module": "module.kubeedge",
      "mode": "managed",
      "type": "google_compute_instance",
      "name": "kubeedge_edgecore",
      "provider": "provider[\"registry.terraform.io/hashicorp/google\"]",
      "instances": []
    },
    {
      "module": "module.kubeedge",
      "mode": "managed",
      "type": "null_resource",
      "name": "download_kube_config",
      "provider": "provider[\"registry.terraform.io/hashicorp/null\"]",
      "instances": []
    },
    {
      "module": "module.kubeedge",
      "mode": "managed",
      "type": "random_string",
      "name": "token_part_1",
      "provider": "provider[\"registry.terraform.io/hashicorp/random\"]",
      "instances": [
        {
          "schema_version": 1,
          "attributes": {
            "id": "4qqrgd",
            "keepers": null,
            "length": 6,
            "lower": true,
            "min_lower": 0,
            "min_numeric": 0,
            "min_special": 0,
            "min_upper": 0,
            "number": true,
            "override_special": null,
            "result": "4qqrgd",
            "special": false,
            "upper": false
          },
          "sensitive_attributes": [],
          "private": "eyJzY2hlbWFfdmVyc2lvbiI6IjEifQ=="
        }
      ]
    },
    {
      "module": "module.kubeedge",
      "mode": "managed",
      "type": "random_string",
      "name": "token_part_2",
      "provider": "provider[\"registry.terraform.io/hashicorp/random\"]",
      "instances": [
        {
          "schema_version": 1,
          "attributes": {
            "id": "iawuop1jufu4108f",
            "keepers": null,
            "length": 16,
            "lower": true,
            "min_lower": 0,
            "min_numeric": 0,
            "min_special": 0,
            "min_upper": 0,
            "number": true,
            "override_special": null,
            "result": "iawuop1jufu4108f",
            "special": false,
            "upper": false
          },
          "sensitive_attributes": [],
          "private": "eyJzY2hlbWFfdmVyc2lvbiI6IjEifQ=="
        }
      ]
    },
    {
      "module": "module.vpc",
      "mode": "managed",
      "type": "google_compute_firewall",
      "name": "allow_all_egress",
      "provider": "provider[\"registry.terraform.io/hashicorp/google\"]",
      "instances": [
        {
          "schema_version": 1,
          "attributes": {
            "allow": [
              {
                "ports": [
                  "0-65535"
                ],
                "protocol": "tcp"
              },
              {
                "ports": [],
                "protocol": "icmp"
              }
            ],
            "creation_timestamp": "2021-12-06T11:41:32.296-08:00",
            "deny": [],
            "description": "",
            "destination_ranges": [
              "0.0.0.0/0"
            ],
            "direction": "EGRESS",
            "disabled": false,
            "enable_logging": null,
            "id": "projects/edge-benchmark/global/firewalls/kubeedge-infra-vpc-allow-all-egress",
            "log_config": [],
            "name": "kubeedge-infra-vpc-allow-all-egress",
            "network": "https://www.googleapis.com/compute/v1/projects/edge-benchmark/global/networks/kubeedge-infra-vpc",
            "priority": 1000,
            "project": "edge-benchmark",
            "self_link": "https://www.googleapis.com/compute/v1/projects/edge-benchmark/global/firewalls/kubeedge-infra-vpc-allow-all-egress",
            "source_ranges": null,
            "source_service_accounts": null,
            "source_tags": null,
            "target_service_accounts": null,
            "target_tags": null,
            "timeouts": null
          },
          "sensitive_attributes": [],
          "private": "eyJlMmJmYjczMC1lY2FhLTExZTYtOGY4OC0zNDM2M2JjN2M0YzAiOnsiY3JlYXRlIjoyNDAwMDAwMDAwMDAsImRlbGV0ZSI6MjQwMDAwMDAwMDAwLCJ1cGRhdGUiOjI0MDAwMDAwMDAwMH0sInNjaGVtYV92ZXJzaW9uIjoiMSJ9",
          "dependencies": [
            "module.vpc.google_compute_network.vpc_network"
          ]
        }
      ]
    },
    {
      "module": "module.vpc",
      "mode": "managed",
      "type": "google_compute_firewall",
      "name": "allow_all_ingress",
      "provider": "provider[\"registry.terraform.io/hashicorp/google\"]",
      "instances": [
        {
          "schema_version": 1,
          "attributes": {
            "allow": [
              {
                "ports": [
                  "0-65535"
                ],
                "protocol": "tcp"
              },
              {
                "ports": [],
                "protocol": "icmp"
              }
            ],
            "creation_timestamp": "2021-12-06T11:41:32.526-08:00",
            "deny": [],
            "description": "",
            "destination_ranges": [],
            "direction": "INGRESS",
            "disabled": false,
            "enable_logging": null,
            "id": "projects/edge-benchmark/global/firewalls/kubeedge-infra-vpc-allow-all-ingress",
            "log_config": [],
            "name": "kubeedge-infra-vpc-allow-all-ingress",
            "network": "https://www.googleapis.com/compute/v1/projects/edge-benchmark/global/networks/kubeedge-infra-vpc",
            "priority": 1000,
            "project": "edge-benchmark",
            "self_link": "https://www.googleapis.com/compute/v1/projects/edge-benchmark/global/firewalls/kubeedge-infra-vpc-allow-all-ingress",
            "source_ranges": [
              "0.0.0.0/0"
            ],
            "source_service_accounts": null,
            "source_tags": null,
            "target_service_accounts": null,
            "target_tags": null,
            "timeouts": null
          },
          "sensitive_attributes": [],
          "private": "eyJlMmJmYjczMC1lY2FhLTExZTYtOGY4OC0zNDM2M2JjN2M0YzAiOnsiY3JlYXRlIjoyNDAwMDAwMDAwMDAsImRlbGV0ZSI6MjQwMDAwMDAwMDAwLCJ1cGRhdGUiOjI0MDAwMDAwMDAwMH0sInNjaGVtYV92ZXJzaW9uIjoiMSJ9",
          "dependencies": [
            "module.vpc.google_compute_network.vpc_network"
          ]
        }
      ]
    },
    {
      "module": "module.vpc",
      "mode": "managed",
      "type": "google_compute_network",
      "name": "vpc_network",
      "provider": "provider[\"registry.terraform.io/hashicorp/google\"]",
      "instances": [
        {
          "schema_version": 0,
          "attributes": {
            "auto_create_subnetworks": false,
            "delete_default_routes_on_create": false,
            "description": "",
            "gateway_ipv4": "",
            "id": "projects/edge-benchmark/global/networks/kubeedge-infra-vpc",
            "mtu": 0,
            "name": "kubeedge-infra-vpc",
            "project": "edge-benchmark",
            "routing_mode": "GLOBAL",
            "self_link": "https://www.googleapis.com/compute/v1/projects/edge-benchmark/global/networks/kubeedge-infra-vpc",
            "timeouts": null
          },
          "sensitive_attributes": [],
          "private": "eyJlMmJmYjczMC1lY2FhLTExZTYtOGY4OC0zNDM2M2JjN2M0YzAiOnsiY3JlYXRlIjoyNDAwMDAwMDAwMDAsImRlbGV0ZSI6MjQwMDAwMDAwMDAwLCJ1cGRhdGUiOjI0MDAwMDAwMDAwMH19"
        }
      ]
    },
    {
      "module": "module.vpc",
      "mode": "managed",
      "type": "google_compute_subnetwork",
      "name": "subnetwork_1",
      "provider": "provider[\"registry.terraform.io/hashicorp/google\"]",
      "instances": [
        {
          "schema_version": 0,
          "attributes": {
            "creation_timestamp": "2021-12-06T11:41:32.761-08:00",
            "description": "",
            "external_ipv6_prefix": "",
            "fingerprint": null,
            "gateway_address": "10.0.0.1",
            "id": "projects/edge-benchmark/regions/us-central1/subnetworks/subnetwork-1",
            "ip_cidr_range": "10.0.0.0/24",
            "ipv6_access_type": "",
            "ipv6_cidr_range": "",
            "log_config": [],
            "name": "subnetwork-1",
            "network": "https://www.googleapis.com/compute/v1/projects/edge-benchmark/global/networks/kubeedge-infra-vpc",
            "private_ip_google_access": false,
            "private_ipv6_google_access": "DISABLE_GOOGLE_ACCESS",
            "project": "edge-benchmark",
            "purpose": "PRIVATE",
            "region": "us-central1",
            "role": "",
            "secondary_ip_range": [],
            "self_link": "https://www.googleapis.com/compute/v1/projects/edge-benchmark/regions/us-central1/subnetworks/subnetwork-1",
            "stack_type": "IPV4_ONLY",
            "timeouts": null
          },
          "sensitive_attributes": [],
          "private": "eyJlMmJmYjczMC1lY2FhLTExZTYtOGY4OC0zNDM2M2JjN2M0YzAiOnsiY3JlYXRlIjozNjAwMDAwMDAwMDAsImRlbGV0ZSI6MzYwMDAwMDAwMDAwLCJ1cGRhdGUiOjM2MDAwMDAwMDAwMH19",
          "dependencies": [
            "module.vpc.google_compute_network.vpc_network"
          ]
        }
      ]
    }
  ]
}
