{
  "version": 4,
  "terraform_version": "1.0.11",
  "serial": 15,
  "lineage": "51f482f0-8b6b-e85c-81d5-1471ca917ab6",
  "outputs": {
    "config_bucket_name": {
      "value": "edge-benchmark-config-bucket",
      "type": "string"
    },
    "config_bucket_url": {
      "value": "gs://edge-benchmark-config-bucket",
      "type": "string"
    }
  },
  "resources": [
    {
      "mode": "data",
      "type": "google_compute_image",
      "name": "ubuntu",
      "provider": "provider[\"registry.terraform.io/hashicorp/google\"]",
      "instances": [
        {
          "schema_version": 0,
          "attributes": {
            "archive_size_bytes": 2355278976,
            "creation_timestamp": "2021-11-18T07:39:37.859-08:00",
            "description": "Canonical, Ubuntu, 18.04 LTS, amd64 bionic image built on 2021-11-15, supports Shielded VM features",
            "disk_size_gb": 10,
            "family": "ubuntu-1804-lts",
            "filter": null,
            "id": "projects/ubuntu-os-cloud/global/images/ubuntu-1804-bionic-v20211115",
            "image_encryption_key_sha256": "",
            "image_id": "2979704101056269654",
            "label_fingerprint": "42WmSpB8rSM=",
            "labels": {},
            "licenses": [
              "https://www.googleapis.com/compute/v1/projects/ubuntu-os-cloud/global/licenses/ubuntu-1804-lts"
            ],
            "name": "ubuntu-1804-bionic-v20211115",
            "project": "ubuntu-os-cloud",
            "self_link": "https://www.googleapis.com/compute/v1/projects/ubuntu-os-cloud/global/images/ubuntu-1804-bionic-v20211115",
            "source_disk": "",
            "source_disk_encryption_key_sha256": "",
            "source_disk_id": "",
            "source_image_id": "",
            "status": "READY"
          },
          "sensitive_attributes": []
        }
      ]
    },
    {
      "mode": "data",
      "type": "template_file",
      "name": "cloudcore_init",
      "provider": "provider[\"registry.terraform.io/hashicorp/template\"]",
      "instances": [
        {
          "schema_version": 0,
          "attributes": {
            "filename": null,
            "id": "faf0e6f7dc96473a716c8e8b95373632410e74c28e637f28b918c305dc13b5ff",
            "rendered": "#!/bin/bash\r\n\r\nset -x\r\n\r\nexec \u003e \u003e(tee /var/log/user-data.log|logger -t user-data ) 2\u003e\u00261\r\n\r\napt-get update\r\n\r\n# Waiting for kube config file to be available on GCS\r\nuntil gsutil -q stat gs://edge-benchmark-config-bucket/config\r\ndo\r\n    sleep 15\r\ndone\r\n\r\n# Download the kube config file\r\ngsutil cp gs://edge-benchmark-config-bucket/config /root/.kube/config\r\n\r\n# Download keadm\r\nKEADM_VERSION=keadm-v1.4.0-linux-amd64\r\nwget --quiet https://github.com/kubeedge/kubeedge/releases/download/v1.4.0/$KEADM_VERSION.tar.gz\r\ntar -xvzf $KEADM_VERSION.tar.gz\r\nmv $KEADM_VERSION/keadm/keadm /usr/local/bin/\r\nrm -rf $KEADM_VERSION $KEADM_VERSION.tar.gz\r\n\r\n# Initialize kubeedge cloudcore\r\nPUBLIC_IP=$(curl --silent -H \"Metadata-Flavor: Google\" http://metadata.google.internal/computeMetadata/v1/instance/network-interfaces/0/access-configs/0/external-ip)\r\n\r\nkeadm init --advertise-address=\"$PUBLIC_IP\"\r\n\r\nsleep 10\r\n\r\n# Upload the keadm join token to config bucket\r\nkeadm gettoken \u003e keadm_token\r\ngsutil cp keadm_token gs://edge-benchmark-config-bucket",
            "template": "#!/bin/bash\r\n\r\nset -x\r\n\r\nexec \u003e \u003e(tee /var/log/user-data.log|logger -t user-data ) 2\u003e\u00261\r\n\r\napt-get update\r\n\r\n# Waiting for kube config file to be available on GCS\r\nuntil gsutil -q stat ${config_bucket_url}/config\r\ndo\r\n    sleep 15\r\ndone\r\n\r\n# Download the kube config file\r\ngsutil cp ${config_bucket_url}/config /root/.kube/config\r\n\r\n# Download keadm\r\nKEADM_VERSION=keadm-v1.4.0-linux-amd64\r\nwget --quiet https://github.com/kubeedge/kubeedge/releases/download/v1.4.0/$KEADM_VERSION.tar.gz\r\ntar -xvzf $KEADM_VERSION.tar.gz\r\nmv $KEADM_VERSION/keadm/keadm /usr/local/bin/\r\nrm -rf $KEADM_VERSION $KEADM_VERSION.tar.gz\r\n\r\n# Initialize kubeedge cloudcore\r\nPUBLIC_IP=$(curl --silent -H \"Metadata-Flavor: Google\" http://metadata.google.internal/computeMetadata/v1/instance/network-interfaces/0/access-configs/0/external-ip)\r\n\r\nkeadm init --advertise-address=\"$PUBLIC_IP\"\r\n\r\nsleep 10\r\n\r\n# Upload the keadm join token to config bucket\r\nkeadm gettoken \u003e keadm_token\r\ngsutil cp keadm_token ${config_bucket_url}",
            "vars": {
              "config_bucket_url": "gs://edge-benchmark-config-bucket"
            }
          },
          "sensitive_attributes": []
        }
      ]
    },
    {
      "mode": "data",
      "type": "template_file",
      "name": "edgecore_init",
      "provider": "provider[\"registry.terraform.io/hashicorp/template\"]",
      "instances": [
        {
          "schema_version": 0,
          "attributes": {
            "filename": null,
            "id": "76ad8a8691e654f2a80866fb1e8af5a4e2b6d5ffd7c6da53c513faa2e3d073ce",
            "rendered": "#!/bin/bash\r\n\r\nset -x\r\n\r\nexec \u003e \u003e(tee /var/log/user-data.log|logger -t user-data ) 2\u003e\u00261\r\n\r\n# Installing Docker\r\napt-get update\r\n\r\napt-get install -y \\\r\n    apt-transport-https \\\r\n    ca-certificates \\\r\n    curl \\\r\n    gnupg-agent \\\r\n    software-properties-common\r\n\r\ncurl -fsSL https://download.docker.com/linux/ubuntu/gpg | apt-key add -\r\n\r\nadd-apt-repository \\\r\n   \"deb [arch=amd64] https://download.docker.com/linux/ubuntu \\\r\n   $(lsb_release -cs) \\\r\n   stable\"\r\n\r\napt-get update \r\napt-get install -y docker-ce=5:19.03.14~3-0~ubuntu-bionic docker-ce-cli=5:19.03.14~3-0~ubuntu-bionic containerd.io\r\n\r\n# Download keadm\r\nKEADM_VERSION=keadm-v1.4.0-linux-amd64\r\nwget  --quiet https://github.com/kubeedge/kubeedge/releases/download/v1.4.0/$KEADM_VERSION.tar.gz\r\ntar -xvzf $KEADM_VERSION.tar.gz\r\nmv $KEADM_VERSION/keadm/keadm /usr/local/bin/\r\nrm -rf $KEADM_VERSION $KEADM_VERSION.tar.gz\r\n\r\n# Waiting for keadm token file to be available on GCS\r\nuntil gsutil -q stat gs://edge-benchmark-config-bucket/keadm_token\r\ndo\r\n    sleep 15\r\ndone\r\n\r\n# Download the keadm token from the config bucket\r\ngsutil cp gs://edge-benchmark-config-bucket/keadm_token ./keadm_token\r\n\r\nKEADM_TOKEN=$(cat ./keadm_token)\r\n\r\nkeadm join --cloudcore-ipport=34.135.122.182:10000 --token=$KEADM_TOKEN",
            "template": "#!/bin/bash\r\n\r\nset -x\r\n\r\nexec \u003e \u003e(tee /var/log/user-data.log|logger -t user-data ) 2\u003e\u00261\r\n\r\n# Installing Docker\r\napt-get update\r\n\r\napt-get install -y \\\r\n    apt-transport-https \\\r\n    ca-certificates \\\r\n    curl \\\r\n    gnupg-agent \\\r\n    software-properties-common\r\n\r\ncurl -fsSL https://download.docker.com/linux/ubuntu/gpg | apt-key add -\r\n\r\nadd-apt-repository \\\r\n   \"deb [arch=amd64] https://download.docker.com/linux/ubuntu \\\r\n   $(lsb_release -cs) \\\r\n   stable\"\r\n\r\napt-get update \r\napt-get install -y docker-ce=5:19.03.14~3-0~ubuntu-bionic docker-ce-cli=5:19.03.14~3-0~ubuntu-bionic containerd.io\r\n\r\n# Download keadm\r\nKEADM_VERSION=keadm-v1.4.0-linux-amd64\r\nwget  --quiet https://github.com/kubeedge/kubeedge/releases/download/v1.4.0/$KEADM_VERSION.tar.gz\r\ntar -xvzf $KEADM_VERSION.tar.gz\r\nmv $KEADM_VERSION/keadm/keadm /usr/local/bin/\r\nrm -rf $KEADM_VERSION $KEADM_VERSION.tar.gz\r\n\r\n# Waiting for keadm token file to be available on GCS\r\nuntil gsutil -q stat ${config_bucket_url}/keadm_token\r\ndo\r\n    sleep 15\r\ndone\r\n\r\n# Download the keadm token from the config bucket\r\ngsutil cp ${config_bucket_url}/keadm_token ./keadm_token\r\n\r\nKEADM_TOKEN=$(cat ./keadm_token)\r\n\r\nkeadm join --cloudcore-ipport=${cloudcore_ip}:10000 --token=$KEADM_TOKEN",
            "vars": {
              "cloudcore_ip": "34.135.122.182",
              "config_bucket_url": "gs://edge-benchmark-config-bucket"
            }
          },
          "sensitive_attributes": []
        }
      ]
    },
    {
      "mode": "managed",
      "type": "google_compute_instance",
      "name": "kubeedge_cloudcore",
      "provider": "provider[\"registry.terraform.io/hashicorp/google\"]",
      "instances": [
        {
          "schema_version": 6,
          "attributes": {
            "advanced_machine_features": [],
            "allow_stopping_for_update": null,
            "attached_disk": [],
            "boot_disk": [
              {
                "auto_delete": true,
                "device_name": "persistent-disk-0",
                "disk_encryption_key_raw": "",
                "disk_encryption_key_sha256": "",
                "initialize_params": [
                  {
                    "image": "https://www.googleapis.com/compute/v1/projects/ubuntu-os-cloud/global/images/ubuntu-1804-bionic-v20211115",
                    "labels": {},
                    "size": 30,
                    "type": "pd-standard"
                  }
                ],
                "kms_key_self_link": "",
                "mode": "READ_WRITE",
                "source": "https://www.googleapis.com/compute/v1/projects/edge-benchmark/zones/us-central1-a/disks/cloudcore"
              }
            ],
            "can_ip_forward": false,
            "confidential_instance_config": [],
            "cpu_platform": "Intel Broadwell",
            "current_status": "RUNNING",
            "deletion_protection": false,
            "description": "",
            "desired_status": null,
            "enable_display": false,
            "guest_accelerator": [],
            "hostname": "",
            "id": "projects/edge-benchmark/zones/us-central1-a/instances/cloudcore",
            "instance_id": "611447808209640301",
            "label_fingerprint": "42WmSpB8rSM=",
            "labels": null,
            "machine_type": "e2-small",
            "metadata": {
              "ssh-keys": "akshay:ssh-rsa AAAAB3NzaC1yc2EAAAADAQABAAABgQDfp5DTerzS1VoHJ2kvtzM29Dxjtp+/4/dWs5FuwHSPQ3dMZM/U4MS4k39WGrEKfaM+A5YE2dT2XeXEC/ZDcXUUcvg/2NIwhHIcbVQZuazS1FCaLpogR54PaTqkOYhxJOLaKX7cl/T2WGvxcBEn/rZI9xm14SCd+nPn0HNs2O/TLOgH8BJIa8s7PPO+2sKYkGSBw1Mt1CowVV5w8GrdVT9Wvb192b/iK5NhBnpp+/zxfmEuCCppsmrwVUni9ATFYYx/d0RkybK7UuyrEERf8sP5d41UZZXBhwaYzD21qogiydi2ecAgAk0sEZJ/AWy7igmcveMT52JbU2vuKP1I2dXWvd2aGPMQb/6Dsz2qg/mIt9Uyl6VnjJhIxn9xVE5fj2s50eqCwJzFPVTLMlzStLIbXExfYtgOhlKoFpqnidkQAxHaiSCm3DlRBCF0d1FQhQvtFdzDEajlyuw3qufLAnk/Ax/ITWy7Ld02Po+S/CFMHo86uu/QELVPT6q8MMIX7AU= dpuro@Polaris-11\r\n"
            },
            "metadata_fingerprint": "5lthZ9GGhjs=",
            "metadata_startup_script": "#!/bin/bash\r\n\r\nset -x\r\n\r\nexec \u003e \u003e(tee /var/log/user-data.log|logger -t user-data ) 2\u003e\u00261\r\n\r\napt-get update\r\n\r\n# Waiting for kube config file to be available on GCS\r\nuntil gsutil -q stat gs://edge-benchmark-config-bucket/config\r\ndo\r\n    sleep 15\r\ndone\r\n\r\n# Download the kube config file\r\ngsutil cp gs://edge-benchmark-config-bucket/config /root/.kube/config\r\n\r\n# Download keadm\r\nKEADM_VERSION=keadm-v1.4.0-linux-amd64\r\nwget --quiet https://github.com/kubeedge/kubeedge/releases/download/v1.4.0/$KEADM_VERSION.tar.gz\r\ntar -xvzf $KEADM_VERSION.tar.gz\r\nmv $KEADM_VERSION/keadm/keadm /usr/local/bin/\r\nrm -rf $KEADM_VERSION $KEADM_VERSION.tar.gz\r\n\r\n# Initialize kubeedge cloudcore\r\nPUBLIC_IP=$(curl --silent -H \"Metadata-Flavor: Google\" http://metadata.google.internal/computeMetadata/v1/instance/network-interfaces/0/access-configs/0/external-ip)\r\n\r\nkeadm init --advertise-address=\"$PUBLIC_IP\"\r\n\r\nsleep 10\r\n\r\n# Upload the keadm join token to config bucket\r\nkeadm gettoken \u003e keadm_token\r\ngsutil cp keadm_token gs://edge-benchmark-config-bucket",
            "min_cpu_platform": "",
            "name": "cloudcore",
            "network_interface": [
              {
                "access_config": [
                  {
                    "nat_ip": "34.135.122.182",
                    "network_tier": "PREMIUM",
                    "public_ptr_domain_name": ""
                  }
                ],
                "alias_ip_range": [],
                "ipv6_access_config": [],
                "ipv6_access_type": "",
                "name": "nic0",
                "network": "https://www.googleapis.com/compute/v1/projects/edge-benchmark/global/networks/test-network",
                "network_ip": "10.2.0.2",
                "nic_type": "",
                "queue_count": 0,
                "stack_type": "IPV4_ONLY",
                "subnetwork": "https://www.googleapis.com/compute/v1/projects/edge-benchmark/regions/us-central1/subnetworks/kubeedge-subnetwork-1",
                "subnetwork_project": "edge-benchmark"
              }
            ],
            "project": "edge-benchmark",
            "reservation_affinity": [],
            "resource_policies": null,
            "scheduling": [
              {
                "automatic_restart": true,
                "min_node_cpus": 0,
                "node_affinities": [],
                "on_host_maintenance": "MIGRATE",
                "preemptible": false
              }
            ],
            "scratch_disk": [],
            "self_link": "https://www.googleapis.com/compute/v1/projects/edge-benchmark/zones/us-central1-a/instances/cloudcore",
            "service_account": [
              {
                "email": "870520033135-compute@developer.gserviceaccount.com",
                "scopes": [
                  "https://www.googleapis.com/auth/cloud-platform"
                ]
              }
            ],
            "shielded_instance_config": [
              {
                "enable_integrity_monitoring": true,
                "enable_secure_boot": false,
                "enable_vtpm": true
              }
            ],
            "tags": null,
            "tags_fingerprint": "42WmSpB8rSM=",
            "timeouts": null,
            "zone": "us-central1-a"
          },
          "sensitive_attributes": [],
          "private": "eyJlMmJmYjczMC1lY2FhLTExZTYtOGY4OC0zNDM2M2JjN2M0YzAiOnsiY3JlYXRlIjoxMjAwMDAwMDAwMDAwLCJkZWxldGUiOjEyMDAwMDAwMDAwMDAsInVwZGF0ZSI6MTIwMDAwMDAwMDAwMH0sInNjaGVtYV92ZXJzaW9uIjoiNiJ9",
          "dependencies": [
            "data.google_compute_image.ubuntu",
            "data.template_file.cloudcore_init",
            "google_compute_network.compute-network",
            "google_compute_subnetwork.compute-subnetwork",
            "google_storage_bucket.config_bucket"
          ]
        }
      ]
    },
    {
      "mode": "managed",
      "type": "google_compute_instance",
      "name": "kubeedge_edgecore",
      "provider": "provider[\"registry.terraform.io/hashicorp/google\"]",
      "instances": [
        {
          "index_key": 0,
          "schema_version": 6,
          "attributes": {
            "advanced_machine_features": [],
            "allow_stopping_for_update": null,
            "attached_disk": [],
            "boot_disk": [
              {
                "auto_delete": true,
                "device_name": "persistent-disk-0",
                "disk_encryption_key_raw": "",
                "disk_encryption_key_sha256": "",
                "initialize_params": [
                  {
                    "image": "https://www.googleapis.com/compute/v1/projects/ubuntu-os-cloud/global/images/ubuntu-1804-bionic-v20211115",
                    "labels": {},
                    "size": 30,
                    "type": "pd-standard"
                  }
                ],
                "kms_key_self_link": "",
                "mode": "READ_WRITE",
                "source": "https://www.googleapis.com/compute/v1/projects/edge-benchmark/zones/us-central1-a/disks/edgecore-0"
              }
            ],
            "can_ip_forward": false,
            "confidential_instance_config": [],
            "cpu_platform": "Intel Broadwell",
            "current_status": "RUNNING",
            "deletion_protection": false,
            "description": "",
            "desired_status": null,
            "enable_display": false,
            "guest_accelerator": [],
            "hostname": "",
            "id": "projects/edge-benchmark/zones/us-central1-a/instances/edgecore-0",
            "instance_id": "7658510554122083199",
            "label_fingerprint": "42WmSpB8rSM=",
            "labels": null,
            "machine_type": "e2-small",
            "metadata": {
              "ssh-keys": "akshay:ssh-rsa AAAAB3NzaC1yc2EAAAADAQABAAABgQDfp5DTerzS1VoHJ2kvtzM29Dxjtp+/4/dWs5FuwHSPQ3dMZM/U4MS4k39WGrEKfaM+A5YE2dT2XeXEC/ZDcXUUcvg/2NIwhHIcbVQZuazS1FCaLpogR54PaTqkOYhxJOLaKX7cl/T2WGvxcBEn/rZI9xm14SCd+nPn0HNs2O/TLOgH8BJIa8s7PPO+2sKYkGSBw1Mt1CowVV5w8GrdVT9Wvb192b/iK5NhBnpp+/zxfmEuCCppsmrwVUni9ATFYYx/d0RkybK7UuyrEERf8sP5d41UZZXBhwaYzD21qogiydi2ecAgAk0sEZJ/AWy7igmcveMT52JbU2vuKP1I2dXWvd2aGPMQb/6Dsz2qg/mIt9Uyl6VnjJhIxn9xVE5fj2s50eqCwJzFPVTLMlzStLIbXExfYtgOhlKoFpqnidkQAxHaiSCm3DlRBCF0d1FQhQvtFdzDEajlyuw3qufLAnk/Ax/ITWy7Ld02Po+S/CFMHo86uu/QELVPT6q8MMIX7AU= dpuro@Polaris-11\r\n"
            },
            "metadata_fingerprint": "ll6BMPEhhRs=",
            "metadata_startup_script": "#!/bin/bash\r\n\r\nset -x\r\n\r\nexec \u003e \u003e(tee /var/log/user-data.log|logger -t user-data ) 2\u003e\u00261\r\n\r\n# Installing Docker\r\napt-get update\r\n\r\napt-get install -y \\\r\n    apt-transport-https \\\r\n    ca-certificates \\\r\n    curl \\\r\n    gnupg-agent \\\r\n    software-properties-common\r\n\r\ncurl -fsSL https://download.docker.com/linux/ubuntu/gpg | apt-key add -\r\n\r\nadd-apt-repository \\\r\n   \"deb [arch=amd64] https://download.docker.com/linux/ubuntu \\\r\n   $(lsb_release -cs) \\\r\n   stable\"\r\n\r\napt-get update \r\napt-get install -y docker-ce=5:19.03.14~3-0~ubuntu-bionic docker-ce-cli=5:19.03.14~3-0~ubuntu-bionic containerd.io\r\n\r\n# Download keadm\r\nKEADM_VERSION=keadm-v1.4.0-linux-amd64\r\nwget  --quiet https://github.com/kubeedge/kubeedge/releases/download/v1.4.0/$KEADM_VERSION.tar.gz\r\ntar -xvzf $KEADM_VERSION.tar.gz\r\nmv $KEADM_VERSION/keadm/keadm /usr/local/bin/\r\nrm -rf $KEADM_VERSION $KEADM_VERSION.tar.gz\r\n\r\n# Waiting for keadm token file to be available on GCS\r\nuntil gsutil -q stat gs://edge-benchmark-config-bucket/keadm_token\r\ndo\r\n    sleep 15\r\ndone\r\n\r\n# Download the keadm token from the config bucket\r\ngsutil cp gs://edge-benchmark-config-bucket/keadm_token ./keadm_token\r\n\r\nKEADM_TOKEN=$(cat ./keadm_token)\r\n\r\nkeadm join --cloudcore-ipport=34.135.122.182:10000 --token=$KEADM_TOKEN",
            "min_cpu_platform": "",
            "name": "edgecore-0",
            "network_interface": [
              {
                "access_config": [],
                "alias_ip_range": [],
                "ipv6_access_config": [],
                "ipv6_access_type": "",
                "name": "nic0",
                "network": "https://www.googleapis.com/compute/v1/projects/edge-benchmark/global/networks/test-network",
                "network_ip": "10.2.0.9",
                "nic_type": "",
                "queue_count": 0,
                "stack_type": "IPV4_ONLY",
                "subnetwork": "https://www.googleapis.com/compute/v1/projects/edge-benchmark/regions/us-central1/subnetworks/kubeedge-subnetwork-1",
                "subnetwork_project": "edge-benchmark"
              }
            ],
            "project": "edge-benchmark",
            "reservation_affinity": [],
            "resource_policies": null,
            "scheduling": [
              {
                "automatic_restart": true,
                "min_node_cpus": 0,
                "node_affinities": [],
                "on_host_maintenance": "MIGRATE",
                "preemptible": false
              }
            ],
            "scratch_disk": [],
            "self_link": "https://www.googleapis.com/compute/v1/projects/edge-benchmark/zones/us-central1-a/instances/edgecore-0",
            "service_account": [
              {
                "email": "870520033135-compute@developer.gserviceaccount.com",
                "scopes": [
                  "https://www.googleapis.com/auth/cloud-platform"
                ]
              }
            ],
            "shielded_instance_config": [
              {
                "enable_integrity_monitoring": true,
                "enable_secure_boot": false,
                "enable_vtpm": true
              }
            ],
            "tags": null,
            "tags_fingerprint": "42WmSpB8rSM=",
            "timeouts": null,
            "zone": "us-central1-a"
          },
          "sensitive_attributes": [],
          "private": "eyJlMmJmYjczMC1lY2FhLTExZTYtOGY4OC0zNDM2M2JjN2M0YzAiOnsiY3JlYXRlIjoxMjAwMDAwMDAwMDAwLCJkZWxldGUiOjEyMDAwMDAwMDAwMDAsInVwZGF0ZSI6MTIwMDAwMDAwMDAwMH0sInNjaGVtYV92ZXJzaW9uIjoiNiJ9",
          "dependencies": [
            "data.google_compute_image.ubuntu",
            "data.template_file.cloudcore_init",
            "data.template_file.edgecore_init",
            "google_compute_instance.kubeedge_cloudcore",
            "google_compute_network.compute-network",
            "google_compute_subnetwork.compute-subnetwork",
            "google_storage_bucket.config_bucket"
          ]
        },
        {
          "index_key": 1,
          "schema_version": 6,
          "attributes": {
            "advanced_machine_features": [],
            "allow_stopping_for_update": null,
            "attached_disk": [],
            "boot_disk": [
              {
                "auto_delete": true,
                "device_name": "persistent-disk-0",
                "disk_encryption_key_raw": "",
                "disk_encryption_key_sha256": "",
                "initialize_params": [
                  {
                    "image": "https://www.googleapis.com/compute/v1/projects/ubuntu-os-cloud/global/images/ubuntu-1804-bionic-v20211115",
                    "labels": {},
                    "size": 30,
                    "type": "pd-standard"
                  }
                ],
                "kms_key_self_link": "",
                "mode": "READ_WRITE",
                "source": "https://www.googleapis.com/compute/v1/projects/edge-benchmark/zones/us-central1-a/disks/edgecore-1"
              }
            ],
            "can_ip_forward": false,
            "confidential_instance_config": [],
            "cpu_platform": "Intel Broadwell",
            "current_status": "RUNNING",
            "deletion_protection": false,
            "description": "",
            "desired_status": null,
            "enable_display": false,
            "guest_accelerator": [],
            "hostname": "",
            "id": "projects/edge-benchmark/zones/us-central1-a/instances/edgecore-1",
            "instance_id": "7860408879283624831",
            "label_fingerprint": "42WmSpB8rSM=",
            "labels": null,
            "machine_type": "e2-small",
            "metadata": {
              "ssh-keys": "akshay:ssh-rsa AAAAB3NzaC1yc2EAAAADAQABAAABgQDfp5DTerzS1VoHJ2kvtzM29Dxjtp+/4/dWs5FuwHSPQ3dMZM/U4MS4k39WGrEKfaM+A5YE2dT2XeXEC/ZDcXUUcvg/2NIwhHIcbVQZuazS1FCaLpogR54PaTqkOYhxJOLaKX7cl/T2WGvxcBEn/rZI9xm14SCd+nPn0HNs2O/TLOgH8BJIa8s7PPO+2sKYkGSBw1Mt1CowVV5w8GrdVT9Wvb192b/iK5NhBnpp+/zxfmEuCCppsmrwVUni9ATFYYx/d0RkybK7UuyrEERf8sP5d41UZZXBhwaYzD21qogiydi2ecAgAk0sEZJ/AWy7igmcveMT52JbU2vuKP1I2dXWvd2aGPMQb/6Dsz2qg/mIt9Uyl6VnjJhIxn9xVE5fj2s50eqCwJzFPVTLMlzStLIbXExfYtgOhlKoFpqnidkQAxHaiSCm3DlRBCF0d1FQhQvtFdzDEajlyuw3qufLAnk/Ax/ITWy7Ld02Po+S/CFMHo86uu/QELVPT6q8MMIX7AU= dpuro@Polaris-11\r\n"
            },
            "metadata_fingerprint": "ll6BMPEhhRs=",
            "metadata_startup_script": "#!/bin/bash\r\n\r\nset -x\r\n\r\nexec \u003e \u003e(tee /var/log/user-data.log|logger -t user-data ) 2\u003e\u00261\r\n\r\n# Installing Docker\r\napt-get update\r\n\r\napt-get install -y \\\r\n    apt-transport-https \\\r\n    ca-certificates \\\r\n    curl \\\r\n    gnupg-agent \\\r\n    software-properties-common\r\n\r\ncurl -fsSL https://download.docker.com/linux/ubuntu/gpg | apt-key add -\r\n\r\nadd-apt-repository \\\r\n   \"deb [arch=amd64] https://download.docker.com/linux/ubuntu \\\r\n   $(lsb_release -cs) \\\r\n   stable\"\r\n\r\napt-get update \r\napt-get install -y docker-ce=5:19.03.14~3-0~ubuntu-bionic docker-ce-cli=5:19.03.14~3-0~ubuntu-bionic containerd.io\r\n\r\n# Download keadm\r\nKEADM_VERSION=keadm-v1.4.0-linux-amd64\r\nwget  --quiet https://github.com/kubeedge/kubeedge/releases/download/v1.4.0/$KEADM_VERSION.tar.gz\r\ntar -xvzf $KEADM_VERSION.tar.gz\r\nmv $KEADM_VERSION/keadm/keadm /usr/local/bin/\r\nrm -rf $KEADM_VERSION $KEADM_VERSION.tar.gz\r\n\r\n# Waiting for keadm token file to be available on GCS\r\nuntil gsutil -q stat gs://edge-benchmark-config-bucket/keadm_token\r\ndo\r\n    sleep 15\r\ndone\r\n\r\n# Download the keadm token from the config bucket\r\ngsutil cp gs://edge-benchmark-config-bucket/keadm_token ./keadm_token\r\n\r\nKEADM_TOKEN=$(cat ./keadm_token)\r\n\r\nkeadm join --cloudcore-ipport=34.135.122.182:10000 --token=$KEADM_TOKEN",
            "min_cpu_platform": "",
            "name": "edgecore-1",
            "network_interface": [
              {
                "access_config": [],
                "alias_ip_range": [],
                "ipv6_access_config": [],
                "ipv6_access_type": "",
                "name": "nic0",
                "network": "https://www.googleapis.com/compute/v1/projects/edge-benchmark/global/networks/test-network",
                "network_ip": "10.2.0.8",
                "nic_type": "",
                "queue_count": 0,
                "stack_type": "IPV4_ONLY",
                "subnetwork": "https://www.googleapis.com/compute/v1/projects/edge-benchmark/regions/us-central1/subnetworks/kubeedge-subnetwork-1",
                "subnetwork_project": "edge-benchmark"
              }
            ],
            "project": "edge-benchmark",
            "reservation_affinity": [],
            "resource_policies": null,
            "scheduling": [
              {
                "automatic_restart": true,
                "min_node_cpus": 0,
                "node_affinities": [],
                "on_host_maintenance": "MIGRATE",
                "preemptible": false
              }
            ],
            "scratch_disk": [],
            "self_link": "https://www.googleapis.com/compute/v1/projects/edge-benchmark/zones/us-central1-a/instances/edgecore-1",
            "service_account": [
              {
                "email": "870520033135-compute@developer.gserviceaccount.com",
                "scopes": [
                  "https://www.googleapis.com/auth/cloud-platform"
                ]
              }
            ],
            "shielded_instance_config": [
              {
                "enable_integrity_monitoring": true,
                "enable_secure_boot": false,
                "enable_vtpm": true
              }
            ],
            "tags": null,
            "tags_fingerprint": "42WmSpB8rSM=",
            "timeouts": null,
            "zone": "us-central1-a"
          },
          "sensitive_attributes": [],
          "private": "eyJlMmJmYjczMC1lY2FhLTExZTYtOGY4OC0zNDM2M2JjN2M0YzAiOnsiY3JlYXRlIjoxMjAwMDAwMDAwMDAwLCJkZWxldGUiOjEyMDAwMDAwMDAwMDAsInVwZGF0ZSI6MTIwMDAwMDAwMDAwMH0sInNjaGVtYV92ZXJzaW9uIjoiNiJ9",
          "dependencies": [
            "data.google_compute_image.ubuntu",
            "data.template_file.cloudcore_init",
            "data.template_file.edgecore_init",
            "google_compute_instance.kubeedge_cloudcore",
            "google_compute_network.compute-network",
            "google_compute_subnetwork.compute-subnetwork",
            "google_storage_bucket.config_bucket"
          ]
        },
        {
          "index_key": 2,
          "schema_version": 6,
          "attributes": {
            "advanced_machine_features": [],
            "allow_stopping_for_update": null,
            "attached_disk": [],
            "boot_disk": [
              {
                "auto_delete": true,
                "device_name": "persistent-disk-0",
                "disk_encryption_key_raw": "",
                "disk_encryption_key_sha256": "",
                "initialize_params": [
                  {
                    "image": "https://www.googleapis.com/compute/v1/projects/ubuntu-os-cloud/global/images/ubuntu-1804-bionic-v20211115",
                    "labels": {},
                    "size": 30,
                    "type": "pd-standard"
                  }
                ],
                "kms_key_self_link": "",
                "mode": "READ_WRITE",
                "source": "https://www.googleapis.com/compute/v1/projects/edge-benchmark/zones/us-central1-a/disks/edgecore-2"
              }
            ],
            "can_ip_forward": false,
            "confidential_instance_config": [],
            "cpu_platform": "Intel Broadwell",
            "current_status": "RUNNING",
            "deletion_protection": false,
            "description": "",
            "desired_status": null,
            "enable_display": false,
            "guest_accelerator": [],
            "hostname": "",
            "id": "projects/edge-benchmark/zones/us-central1-a/instances/edgecore-2",
            "instance_id": "2676263785417071487",
            "label_fingerprint": "42WmSpB8rSM=",
            "labels": null,
            "machine_type": "e2-small",
            "metadata": {
              "ssh-keys": "akshay:ssh-rsa AAAAB3NzaC1yc2EAAAADAQABAAABgQDfp5DTerzS1VoHJ2kvtzM29Dxjtp+/4/dWs5FuwHSPQ3dMZM/U4MS4k39WGrEKfaM+A5YE2dT2XeXEC/ZDcXUUcvg/2NIwhHIcbVQZuazS1FCaLpogR54PaTqkOYhxJOLaKX7cl/T2WGvxcBEn/rZI9xm14SCd+nPn0HNs2O/TLOgH8BJIa8s7PPO+2sKYkGSBw1Mt1CowVV5w8GrdVT9Wvb192b/iK5NhBnpp+/zxfmEuCCppsmrwVUni9ATFYYx/d0RkybK7UuyrEERf8sP5d41UZZXBhwaYzD21qogiydi2ecAgAk0sEZJ/AWy7igmcveMT52JbU2vuKP1I2dXWvd2aGPMQb/6Dsz2qg/mIt9Uyl6VnjJhIxn9xVE5fj2s50eqCwJzFPVTLMlzStLIbXExfYtgOhlKoFpqnidkQAxHaiSCm3DlRBCF0d1FQhQvtFdzDEajlyuw3qufLAnk/Ax/ITWy7Ld02Po+S/CFMHo86uu/QELVPT6q8MMIX7AU= dpuro@Polaris-11\r\n"
            },
            "metadata_fingerprint": "ll6BMPEhhRs=",
            "metadata_startup_script": "#!/bin/bash\r\n\r\nset -x\r\n\r\nexec \u003e \u003e(tee /var/log/user-data.log|logger -t user-data ) 2\u003e\u00261\r\n\r\n# Installing Docker\r\napt-get update\r\n\r\napt-get install -y \\\r\n    apt-transport-https \\\r\n    ca-certificates \\\r\n    curl \\\r\n    gnupg-agent \\\r\n    software-properties-common\r\n\r\ncurl -fsSL https://download.docker.com/linux/ubuntu/gpg | apt-key add -\r\n\r\nadd-apt-repository \\\r\n   \"deb [arch=amd64] https://download.docker.com/linux/ubuntu \\\r\n   $(lsb_release -cs) \\\r\n   stable\"\r\n\r\napt-get update \r\napt-get install -y docker-ce=5:19.03.14~3-0~ubuntu-bionic docker-ce-cli=5:19.03.14~3-0~ubuntu-bionic containerd.io\r\n\r\n# Download keadm\r\nKEADM_VERSION=keadm-v1.4.0-linux-amd64\r\nwget  --quiet https://github.com/kubeedge/kubeedge/releases/download/v1.4.0/$KEADM_VERSION.tar.gz\r\ntar -xvzf $KEADM_VERSION.tar.gz\r\nmv $KEADM_VERSION/keadm/keadm /usr/local/bin/\r\nrm -rf $KEADM_VERSION $KEADM_VERSION.tar.gz\r\n\r\n# Waiting for keadm token file to be available on GCS\r\nuntil gsutil -q stat gs://edge-benchmark-config-bucket/keadm_token\r\ndo\r\n    sleep 15\r\ndone\r\n\r\n# Download the keadm token from the config bucket\r\ngsutil cp gs://edge-benchmark-config-bucket/keadm_token ./keadm_token\r\n\r\nKEADM_TOKEN=$(cat ./keadm_token)\r\n\r\nkeadm join --cloudcore-ipport=34.135.122.182:10000 --token=$KEADM_TOKEN",
            "min_cpu_platform": "",
            "name": "edgecore-2",
            "network_interface": [
              {
                "access_config": [],
                "alias_ip_range": [],
                "ipv6_access_config": [],
                "ipv6_access_type": "",
                "name": "nic0",
                "network": "https://www.googleapis.com/compute/v1/projects/edge-benchmark/global/networks/test-network",
                "network_ip": "10.2.0.7",
                "nic_type": "",
                "queue_count": 0,
                "stack_type": "IPV4_ONLY",
                "subnetwork": "https://www.googleapis.com/compute/v1/projects/edge-benchmark/regions/us-central1/subnetworks/kubeedge-subnetwork-1",
                "subnetwork_project": "edge-benchmark"
              }
            ],
            "project": "edge-benchmark",
            "reservation_affinity": [],
            "resource_policies": null,
            "scheduling": [
              {
                "automatic_restart": true,
                "min_node_cpus": 0,
                "node_affinities": [],
                "on_host_maintenance": "MIGRATE",
                "preemptible": false
              }
            ],
            "scratch_disk": [],
            "self_link": "https://www.googleapis.com/compute/v1/projects/edge-benchmark/zones/us-central1-a/instances/edgecore-2",
            "service_account": [
              {
                "email": "870520033135-compute@developer.gserviceaccount.com",
                "scopes": [
                  "https://www.googleapis.com/auth/cloud-platform"
                ]
              }
            ],
            "shielded_instance_config": [
              {
                "enable_integrity_monitoring": true,
                "enable_secure_boot": false,
                "enable_vtpm": true
              }
            ],
            "tags": null,
            "tags_fingerprint": "42WmSpB8rSM=",
            "timeouts": null,
            "zone": "us-central1-a"
          },
          "sensitive_attributes": [],
          "private": "eyJlMmJmYjczMC1lY2FhLTExZTYtOGY4OC0zNDM2M2JjN2M0YzAiOnsiY3JlYXRlIjoxMjAwMDAwMDAwMDAwLCJkZWxldGUiOjEyMDAwMDAwMDAwMDAsInVwZGF0ZSI6MTIwMDAwMDAwMDAwMH0sInNjaGVtYV92ZXJzaW9uIjoiNiJ9",
          "dependencies": [
            "data.google_compute_image.ubuntu",
            "data.template_file.cloudcore_init",
            "data.template_file.edgecore_init",
            "google_compute_instance.kubeedge_cloudcore",
            "google_compute_network.compute-network",
            "google_compute_subnetwork.compute-subnetwork",
            "google_storage_bucket.config_bucket"
          ]
        },
        {
          "index_key": 3,
          "schema_version": 6,
          "attributes": {
            "advanced_machine_features": [],
            "allow_stopping_for_update": null,
            "attached_disk": [],
            "boot_disk": [
              {
                "auto_delete": true,
                "device_name": "persistent-disk-0",
                "disk_encryption_key_raw": "",
                "disk_encryption_key_sha256": "",
                "initialize_params": [
                  {
                    "image": "https://www.googleapis.com/compute/v1/projects/ubuntu-os-cloud/global/images/ubuntu-1804-bionic-v20211115",
                    "labels": {},
                    "size": 30,
                    "type": "pd-standard"
                  }
                ],
                "kms_key_self_link": "",
                "mode": "READ_WRITE",
                "source": "https://www.googleapis.com/compute/v1/projects/edge-benchmark/zones/us-central1-a/disks/edgecore-3"
              }
            ],
            "can_ip_forward": false,
            "confidential_instance_config": [],
            "cpu_platform": "Intel Broadwell",
            "current_status": "RUNNING",
            "deletion_protection": false,
            "description": "",
            "desired_status": null,
            "enable_display": false,
            "guest_accelerator": [],
            "hostname": "",
            "id": "projects/edge-benchmark/zones/us-central1-a/instances/edgecore-3",
            "instance_id": "8870542765910842239",
            "label_fingerprint": "42WmSpB8rSM=",
            "labels": null,
            "machine_type": "e2-small",
            "metadata": {
              "ssh-keys": "akshay:ssh-rsa AAAAB3NzaC1yc2EAAAADAQABAAABgQDfp5DTerzS1VoHJ2kvtzM29Dxjtp+/4/dWs5FuwHSPQ3dMZM/U4MS4k39WGrEKfaM+A5YE2dT2XeXEC/ZDcXUUcvg/2NIwhHIcbVQZuazS1FCaLpogR54PaTqkOYhxJOLaKX7cl/T2WGvxcBEn/rZI9xm14SCd+nPn0HNs2O/TLOgH8BJIa8s7PPO+2sKYkGSBw1Mt1CowVV5w8GrdVT9Wvb192b/iK5NhBnpp+/zxfmEuCCppsmrwVUni9ATFYYx/d0RkybK7UuyrEERf8sP5d41UZZXBhwaYzD21qogiydi2ecAgAk0sEZJ/AWy7igmcveMT52JbU2vuKP1I2dXWvd2aGPMQb/6Dsz2qg/mIt9Uyl6VnjJhIxn9xVE5fj2s50eqCwJzFPVTLMlzStLIbXExfYtgOhlKoFpqnidkQAxHaiSCm3DlRBCF0d1FQhQvtFdzDEajlyuw3qufLAnk/Ax/ITWy7Ld02Po+S/CFMHo86uu/QELVPT6q8MMIX7AU= dpuro@Polaris-11\r\n"
            },
            "metadata_fingerprint": "ll6BMPEhhRs=",
            "metadata_startup_script": "#!/bin/bash\r\n\r\nset -x\r\n\r\nexec \u003e \u003e(tee /var/log/user-data.log|logger -t user-data ) 2\u003e\u00261\r\n\r\n# Installing Docker\r\napt-get update\r\n\r\napt-get install -y \\\r\n    apt-transport-https \\\r\n    ca-certificates \\\r\n    curl \\\r\n    gnupg-agent \\\r\n    software-properties-common\r\n\r\ncurl -fsSL https://download.docker.com/linux/ubuntu/gpg | apt-key add -\r\n\r\nadd-apt-repository \\\r\n   \"deb [arch=amd64] https://download.docker.com/linux/ubuntu \\\r\n   $(lsb_release -cs) \\\r\n   stable\"\r\n\r\napt-get update \r\napt-get install -y docker-ce=5:19.03.14~3-0~ubuntu-bionic docker-ce-cli=5:19.03.14~3-0~ubuntu-bionic containerd.io\r\n\r\n# Download keadm\r\nKEADM_VERSION=keadm-v1.4.0-linux-amd64\r\nwget  --quiet https://github.com/kubeedge/kubeedge/releases/download/v1.4.0/$KEADM_VERSION.tar.gz\r\ntar -xvzf $KEADM_VERSION.tar.gz\r\nmv $KEADM_VERSION/keadm/keadm /usr/local/bin/\r\nrm -rf $KEADM_VERSION $KEADM_VERSION.tar.gz\r\n\r\n# Waiting for keadm token file to be available on GCS\r\nuntil gsutil -q stat gs://edge-benchmark-config-bucket/keadm_token\r\ndo\r\n    sleep 15\r\ndone\r\n\r\n# Download the keadm token from the config bucket\r\ngsutil cp gs://edge-benchmark-config-bucket/keadm_token ./keadm_token\r\n\r\nKEADM_TOKEN=$(cat ./keadm_token)\r\n\r\nkeadm join --cloudcore-ipport=34.135.122.182:10000 --token=$KEADM_TOKEN",
            "min_cpu_platform": "",
            "name": "edgecore-3",
            "network_interface": [
              {
                "access_config": [],
                "alias_ip_range": [],
                "ipv6_access_config": [],
                "ipv6_access_type": "",
                "name": "nic0",
                "network": "https://www.googleapis.com/compute/v1/projects/edge-benchmark/global/networks/test-network",
                "network_ip": "10.2.0.6",
                "nic_type": "",
                "queue_count": 0,
                "stack_type": "IPV4_ONLY",
                "subnetwork": "https://www.googleapis.com/compute/v1/projects/edge-benchmark/regions/us-central1/subnetworks/kubeedge-subnetwork-1",
                "subnetwork_project": "edge-benchmark"
              }
            ],
            "project": "edge-benchmark",
            "reservation_affinity": [],
            "resource_policies": null,
            "scheduling": [
              {
                "automatic_restart": true,
                "min_node_cpus": 0,
                "node_affinities": [],
                "on_host_maintenance": "MIGRATE",
                "preemptible": false
              }
            ],
            "scratch_disk": [],
            "self_link": "https://www.googleapis.com/compute/v1/projects/edge-benchmark/zones/us-central1-a/instances/edgecore-3",
            "service_account": [
              {
                "email": "870520033135-compute@developer.gserviceaccount.com",
                "scopes": [
                  "https://www.googleapis.com/auth/cloud-platform"
                ]
              }
            ],
            "shielded_instance_config": [
              {
                "enable_integrity_monitoring": true,
                "enable_secure_boot": false,
                "enable_vtpm": true
              }
            ],
            "tags": null,
            "tags_fingerprint": "42WmSpB8rSM=",
            "timeouts": null,
            "zone": "us-central1-a"
          },
          "sensitive_attributes": [],
          "private": "eyJlMmJmYjczMC1lY2FhLTExZTYtOGY4OC0zNDM2M2JjN2M0YzAiOnsiY3JlYXRlIjoxMjAwMDAwMDAwMDAwLCJkZWxldGUiOjEyMDAwMDAwMDAwMDAsInVwZGF0ZSI6MTIwMDAwMDAwMDAwMH0sInNjaGVtYV92ZXJzaW9uIjoiNiJ9",
          "dependencies": [
            "data.google_compute_image.ubuntu",
            "data.template_file.cloudcore_init",
            "data.template_file.edgecore_init",
            "google_compute_instance.kubeedge_cloudcore",
            "google_compute_network.compute-network",
            "google_compute_subnetwork.compute-subnetwork",
            "google_storage_bucket.config_bucket"
          ]
        },
        {
          "index_key": 4,
          "schema_version": 6,
          "attributes": {
            "advanced_machine_features": [],
            "allow_stopping_for_update": null,
            "attached_disk": [],
            "boot_disk": [
              {
                "auto_delete": true,
                "device_name": "persistent-disk-0",
                "disk_encryption_key_raw": "",
                "disk_encryption_key_sha256": "",
                "initialize_params": [
                  {
                    "image": "https://www.googleapis.com/compute/v1/projects/ubuntu-os-cloud/global/images/ubuntu-1804-bionic-v20211115",
                    "labels": {},
                    "size": 30,
                    "type": "pd-standard"
                  }
                ],
                "kms_key_self_link": "",
                "mode": "READ_WRITE",
                "source": "https://www.googleapis.com/compute/v1/projects/edge-benchmark/zones/us-central1-a/disks/edgecore-4"
              }
            ],
            "can_ip_forward": false,
            "confidential_instance_config": [],
            "cpu_platform": "Intel Broadwell",
            "current_status": "RUNNING",
            "deletion_protection": false,
            "description": "",
            "desired_status": null,
            "enable_display": false,
            "guest_accelerator": [],
            "hostname": "",
            "id": "projects/edge-benchmark/zones/us-central1-a/instances/edgecore-4",
            "instance_id": "2659597224954485631",
            "label_fingerprint": "42WmSpB8rSM=",
            "labels": null,
            "machine_type": "e2-small",
            "metadata": {
              "ssh-keys": "akshay:ssh-rsa AAAAB3NzaC1yc2EAAAADAQABAAABgQDfp5DTerzS1VoHJ2kvtzM29Dxjtp+/4/dWs5FuwHSPQ3dMZM/U4MS4k39WGrEKfaM+A5YE2dT2XeXEC/ZDcXUUcvg/2NIwhHIcbVQZuazS1FCaLpogR54PaTqkOYhxJOLaKX7cl/T2WGvxcBEn/rZI9xm14SCd+nPn0HNs2O/TLOgH8BJIa8s7PPO+2sKYkGSBw1Mt1CowVV5w8GrdVT9Wvb192b/iK5NhBnpp+/zxfmEuCCppsmrwVUni9ATFYYx/d0RkybK7UuyrEERf8sP5d41UZZXBhwaYzD21qogiydi2ecAgAk0sEZJ/AWy7igmcveMT52JbU2vuKP1I2dXWvd2aGPMQb/6Dsz2qg/mIt9Uyl6VnjJhIxn9xVE5fj2s50eqCwJzFPVTLMlzStLIbXExfYtgOhlKoFpqnidkQAxHaiSCm3DlRBCF0d1FQhQvtFdzDEajlyuw3qufLAnk/Ax/ITWy7Ld02Po+S/CFMHo86uu/QELVPT6q8MMIX7AU= dpuro@Polaris-11\r\n"
            },
            "metadata_fingerprint": "ll6BMPEhhRs=",
            "metadata_startup_script": "#!/bin/bash\r\n\r\nset -x\r\n\r\nexec \u003e \u003e(tee /var/log/user-data.log|logger -t user-data ) 2\u003e\u00261\r\n\r\n# Installing Docker\r\napt-get update\r\n\r\napt-get install -y \\\r\n    apt-transport-https \\\r\n    ca-certificates \\\r\n    curl \\\r\n    gnupg-agent \\\r\n    software-properties-common\r\n\r\ncurl -fsSL https://download.docker.com/linux/ubuntu/gpg | apt-key add -\r\n\r\nadd-apt-repository \\\r\n   \"deb [arch=amd64] https://download.docker.com/linux/ubuntu \\\r\n   $(lsb_release -cs) \\\r\n   stable\"\r\n\r\napt-get update \r\napt-get install -y docker-ce=5:19.03.14~3-0~ubuntu-bionic docker-ce-cli=5:19.03.14~3-0~ubuntu-bionic containerd.io\r\n\r\n# Download keadm\r\nKEADM_VERSION=keadm-v1.4.0-linux-amd64\r\nwget  --quiet https://github.com/kubeedge/kubeedge/releases/download/v1.4.0/$KEADM_VERSION.tar.gz\r\ntar -xvzf $KEADM_VERSION.tar.gz\r\nmv $KEADM_VERSION/keadm/keadm /usr/local/bin/\r\nrm -rf $KEADM_VERSION $KEADM_VERSION.tar.gz\r\n\r\n# Waiting for keadm token file to be available on GCS\r\nuntil gsutil -q stat gs://edge-benchmark-config-bucket/keadm_token\r\ndo\r\n    sleep 15\r\ndone\r\n\r\n# Download the keadm token from the config bucket\r\ngsutil cp gs://edge-benchmark-config-bucket/keadm_token ./keadm_token\r\n\r\nKEADM_TOKEN=$(cat ./keadm_token)\r\n\r\nkeadm join --cloudcore-ipport=34.135.122.182:10000 --token=$KEADM_TOKEN",
            "min_cpu_platform": "",
            "name": "edgecore-4",
            "network_interface": [
              {
                "access_config": [],
                "alias_ip_range": [],
                "ipv6_access_config": [],
                "ipv6_access_type": "",
                "name": "nic0",
                "network": "https://www.googleapis.com/compute/v1/projects/edge-benchmark/global/networks/test-network",
                "network_ip": "10.2.0.3",
                "nic_type": "",
                "queue_count": 0,
                "stack_type": "IPV4_ONLY",
                "subnetwork": "https://www.googleapis.com/compute/v1/projects/edge-benchmark/regions/us-central1/subnetworks/kubeedge-subnetwork-1",
                "subnetwork_project": "edge-benchmark"
              }
            ],
            "project": "edge-benchmark",
            "reservation_affinity": [],
            "resource_policies": null,
            "scheduling": [
              {
                "automatic_restart": true,
                "min_node_cpus": 0,
                "node_affinities": [],
                "on_host_maintenance": "MIGRATE",
                "preemptible": false
              }
            ],
            "scratch_disk": [],
            "self_link": "https://www.googleapis.com/compute/v1/projects/edge-benchmark/zones/us-central1-a/instances/edgecore-4",
            "service_account": [
              {
                "email": "870520033135-compute@developer.gserviceaccount.com",
                "scopes": [
                  "https://www.googleapis.com/auth/cloud-platform"
                ]
              }
            ],
            "shielded_instance_config": [
              {
                "enable_integrity_monitoring": true,
                "enable_secure_boot": false,
                "enable_vtpm": true
              }
            ],
            "tags": null,
            "tags_fingerprint": "42WmSpB8rSM=",
            "timeouts": null,
            "zone": "us-central1-a"
          },
          "sensitive_attributes": [],
          "private": "eyJlMmJmYjczMC1lY2FhLTExZTYtOGY4OC0zNDM2M2JjN2M0YzAiOnsiY3JlYXRlIjoxMjAwMDAwMDAwMDAwLCJkZWxldGUiOjEyMDAwMDAwMDAwMDAsInVwZGF0ZSI6MTIwMDAwMDAwMDAwMH0sInNjaGVtYV92ZXJzaW9uIjoiNiJ9",
          "dependencies": [
            "data.google_compute_image.ubuntu",
            "data.template_file.cloudcore_init",
            "data.template_file.edgecore_init",
            "google_compute_instance.kubeedge_cloudcore",
            "google_compute_network.compute-network",
            "google_compute_subnetwork.compute-subnetwork",
            "google_storage_bucket.config_bucket"
          ]
        },
        {
          "index_key": 5,
          "schema_version": 6,
          "attributes": {
            "advanced_machine_features": [],
            "allow_stopping_for_update": null,
            "attached_disk": [],
            "boot_disk": [
              {
                "auto_delete": true,
                "device_name": "persistent-disk-0",
                "disk_encryption_key_raw": "",
                "disk_encryption_key_sha256": "",
                "initialize_params": [
                  {
                    "image": "https://www.googleapis.com/compute/v1/projects/ubuntu-os-cloud/global/images/ubuntu-1804-bionic-v20211115",
                    "labels": {},
                    "size": 30,
                    "type": "pd-standard"
                  }
                ],
                "kms_key_self_link": "",
                "mode": "READ_WRITE",
                "source": "https://www.googleapis.com/compute/v1/projects/edge-benchmark/zones/us-central1-a/disks/edgecore-5"
              }
            ],
            "can_ip_forward": false,
            "confidential_instance_config": [],
            "cpu_platform": "Intel Broadwell",
            "current_status": "RUNNING",
            "deletion_protection": false,
            "description": "",
            "desired_status": null,
            "enable_display": false,
            "guest_accelerator": [],
            "hostname": "",
            "id": "projects/edge-benchmark/zones/us-central1-a/instances/edgecore-5",
            "instance_id": "237281424297089919",
            "label_fingerprint": "42WmSpB8rSM=",
            "labels": null,
            "machine_type": "e2-small",
            "metadata": {
              "ssh-keys": "akshay:ssh-rsa AAAAB3NzaC1yc2EAAAADAQABAAABgQDfp5DTerzS1VoHJ2kvtzM29Dxjtp+/4/dWs5FuwHSPQ3dMZM/U4MS4k39WGrEKfaM+A5YE2dT2XeXEC/ZDcXUUcvg/2NIwhHIcbVQZuazS1FCaLpogR54PaTqkOYhxJOLaKX7cl/T2WGvxcBEn/rZI9xm14SCd+nPn0HNs2O/TLOgH8BJIa8s7PPO+2sKYkGSBw1Mt1CowVV5w8GrdVT9Wvb192b/iK5NhBnpp+/zxfmEuCCppsmrwVUni9ATFYYx/d0RkybK7UuyrEERf8sP5d41UZZXBhwaYzD21qogiydi2ecAgAk0sEZJ/AWy7igmcveMT52JbU2vuKP1I2dXWvd2aGPMQb/6Dsz2qg/mIt9Uyl6VnjJhIxn9xVE5fj2s50eqCwJzFPVTLMlzStLIbXExfYtgOhlKoFpqnidkQAxHaiSCm3DlRBCF0d1FQhQvtFdzDEajlyuw3qufLAnk/Ax/ITWy7Ld02Po+S/CFMHo86uu/QELVPT6q8MMIX7AU= dpuro@Polaris-11\r\n"
            },
            "metadata_fingerprint": "ll6BMPEhhRs=",
            "metadata_startup_script": "#!/bin/bash\r\n\r\nset -x\r\n\r\nexec \u003e \u003e(tee /var/log/user-data.log|logger -t user-data ) 2\u003e\u00261\r\n\r\n# Installing Docker\r\napt-get update\r\n\r\napt-get install -y \\\r\n    apt-transport-https \\\r\n    ca-certificates \\\r\n    curl \\\r\n    gnupg-agent \\\r\n    software-properties-common\r\n\r\ncurl -fsSL https://download.docker.com/linux/ubuntu/gpg | apt-key add -\r\n\r\nadd-apt-repository \\\r\n   \"deb [arch=amd64] https://download.docker.com/linux/ubuntu \\\r\n   $(lsb_release -cs) \\\r\n   stable\"\r\n\r\napt-get update \r\napt-get install -y docker-ce=5:19.03.14~3-0~ubuntu-bionic docker-ce-cli=5:19.03.14~3-0~ubuntu-bionic containerd.io\r\n\r\n# Download keadm\r\nKEADM_VERSION=keadm-v1.4.0-linux-amd64\r\nwget  --quiet https://github.com/kubeedge/kubeedge/releases/download/v1.4.0/$KEADM_VERSION.tar.gz\r\ntar -xvzf $KEADM_VERSION.tar.gz\r\nmv $KEADM_VERSION/keadm/keadm /usr/local/bin/\r\nrm -rf $KEADM_VERSION $KEADM_VERSION.tar.gz\r\n\r\n# Waiting for keadm token file to be available on GCS\r\nuntil gsutil -q stat gs://edge-benchmark-config-bucket/keadm_token\r\ndo\r\n    sleep 15\r\ndone\r\n\r\n# Download the keadm token from the config bucket\r\ngsutil cp gs://edge-benchmark-config-bucket/keadm_token ./keadm_token\r\n\r\nKEADM_TOKEN=$(cat ./keadm_token)\r\n\r\nkeadm join --cloudcore-ipport=34.135.122.182:10000 --token=$KEADM_TOKEN",
            "min_cpu_platform": "",
            "name": "edgecore-5",
            "network_interface": [
              {
                "access_config": [],
                "alias_ip_range": [],
                "ipv6_access_config": [],
                "ipv6_access_type": "",
                "name": "nic0",
                "network": "https://www.googleapis.com/compute/v1/projects/edge-benchmark/global/networks/test-network",
                "network_ip": "10.2.0.5",
                "nic_type": "",
                "queue_count": 0,
                "stack_type": "IPV4_ONLY",
                "subnetwork": "https://www.googleapis.com/compute/v1/projects/edge-benchmark/regions/us-central1/subnetworks/kubeedge-subnetwork-1",
                "subnetwork_project": "edge-benchmark"
              }
            ],
            "project": "edge-benchmark",
            "reservation_affinity": [],
            "resource_policies": null,
            "scheduling": [
              {
                "automatic_restart": true,
                "min_node_cpus": 0,
                "node_affinities": [],
                "on_host_maintenance": "MIGRATE",
                "preemptible": false
              }
            ],
            "scratch_disk": [],
            "self_link": "https://www.googleapis.com/compute/v1/projects/edge-benchmark/zones/us-central1-a/instances/edgecore-5",
            "service_account": [
              {
                "email": "870520033135-compute@developer.gserviceaccount.com",
                "scopes": [
                  "https://www.googleapis.com/auth/cloud-platform"
                ]
              }
            ],
            "shielded_instance_config": [
              {
                "enable_integrity_monitoring": true,
                "enable_secure_boot": false,
                "enable_vtpm": true
              }
            ],
            "tags": null,
            "tags_fingerprint": "42WmSpB8rSM=",
            "timeouts": null,
            "zone": "us-central1-a"
          },
          "sensitive_attributes": [],
          "private": "eyJlMmJmYjczMC1lY2FhLTExZTYtOGY4OC0zNDM2M2JjN2M0YzAiOnsiY3JlYXRlIjoxMjAwMDAwMDAwMDAwLCJkZWxldGUiOjEyMDAwMDAwMDAwMDAsInVwZGF0ZSI6MTIwMDAwMDAwMDAwMH0sInNjaGVtYV92ZXJzaW9uIjoiNiJ9",
          "dependencies": [
            "data.google_compute_image.ubuntu",
            "data.template_file.cloudcore_init",
            "data.template_file.edgecore_init",
            "google_compute_instance.kubeedge_cloudcore",
            "google_compute_network.compute-network",
            "google_compute_subnetwork.compute-subnetwork",
            "google_storage_bucket.config_bucket"
          ]
        },
        {
          "index_key": 6,
          "schema_version": 6,
          "attributes": {
            "advanced_machine_features": [],
            "allow_stopping_for_update": null,
            "attached_disk": [],
            "boot_disk": [
              {
                "auto_delete": true,
                "device_name": "persistent-disk-0",
                "disk_encryption_key_raw": "",
                "disk_encryption_key_sha256": "",
                "initialize_params": [
                  {
                    "image": "https://www.googleapis.com/compute/v1/projects/ubuntu-os-cloud/global/images/ubuntu-1804-bionic-v20211115",
                    "labels": {},
                    "size": 30,
                    "type": "pd-standard"
                  }
                ],
                "kms_key_self_link": "",
                "mode": "READ_WRITE",
                "source": "https://www.googleapis.com/compute/v1/projects/edge-benchmark/zones/us-central1-a/disks/edgecore-6"
              }
            ],
            "can_ip_forward": false,
            "confidential_instance_config": [],
            "cpu_platform": "Intel Broadwell",
            "current_status": "RUNNING",
            "deletion_protection": false,
            "description": "",
            "desired_status": null,
            "enable_display": false,
            "guest_accelerator": [],
            "hostname": "",
            "id": "projects/edge-benchmark/zones/us-central1-a/instances/edgecore-6",
            "instance_id": "2557976048168262527",
            "label_fingerprint": "42WmSpB8rSM=",
            "labels": null,
            "machine_type": "e2-small",
            "metadata": {
              "ssh-keys": "akshay:ssh-rsa AAAAB3NzaC1yc2EAAAADAQABAAABgQDfp5DTerzS1VoHJ2kvtzM29Dxjtp+/4/dWs5FuwHSPQ3dMZM/U4MS4k39WGrEKfaM+A5YE2dT2XeXEC/ZDcXUUcvg/2NIwhHIcbVQZuazS1FCaLpogR54PaTqkOYhxJOLaKX7cl/T2WGvxcBEn/rZI9xm14SCd+nPn0HNs2O/TLOgH8BJIa8s7PPO+2sKYkGSBw1Mt1CowVV5w8GrdVT9Wvb192b/iK5NhBnpp+/zxfmEuCCppsmrwVUni9ATFYYx/d0RkybK7UuyrEERf8sP5d41UZZXBhwaYzD21qogiydi2ecAgAk0sEZJ/AWy7igmcveMT52JbU2vuKP1I2dXWvd2aGPMQb/6Dsz2qg/mIt9Uyl6VnjJhIxn9xVE5fj2s50eqCwJzFPVTLMlzStLIbXExfYtgOhlKoFpqnidkQAxHaiSCm3DlRBCF0d1FQhQvtFdzDEajlyuw3qufLAnk/Ax/ITWy7Ld02Po+S/CFMHo86uu/QELVPT6q8MMIX7AU= dpuro@Polaris-11\r\n"
            },
            "metadata_fingerprint": "ll6BMPEhhRs=",
            "metadata_startup_script": "#!/bin/bash\r\n\r\nset -x\r\n\r\nexec \u003e \u003e(tee /var/log/user-data.log|logger -t user-data ) 2\u003e\u00261\r\n\r\n# Installing Docker\r\napt-get update\r\n\r\napt-get install -y \\\r\n    apt-transport-https \\\r\n    ca-certificates \\\r\n    curl \\\r\n    gnupg-agent \\\r\n    software-properties-common\r\n\r\ncurl -fsSL https://download.docker.com/linux/ubuntu/gpg | apt-key add -\r\n\r\nadd-apt-repository \\\r\n   \"deb [arch=amd64] https://download.docker.com/linux/ubuntu \\\r\n   $(lsb_release -cs) \\\r\n   stable\"\r\n\r\napt-get update \r\napt-get install -y docker-ce=5:19.03.14~3-0~ubuntu-bionic docker-ce-cli=5:19.03.14~3-0~ubuntu-bionic containerd.io\r\n\r\n# Download keadm\r\nKEADM_VERSION=keadm-v1.4.0-linux-amd64\r\nwget  --quiet https://github.com/kubeedge/kubeedge/releases/download/v1.4.0/$KEADM_VERSION.tar.gz\r\ntar -xvzf $KEADM_VERSION.tar.gz\r\nmv $KEADM_VERSION/keadm/keadm /usr/local/bin/\r\nrm -rf $KEADM_VERSION $KEADM_VERSION.tar.gz\r\n\r\n# Waiting for keadm token file to be available on GCS\r\nuntil gsutil -q stat gs://edge-benchmark-config-bucket/keadm_token\r\ndo\r\n    sleep 15\r\ndone\r\n\r\n# Download the keadm token from the config bucket\r\ngsutil cp gs://edge-benchmark-config-bucket/keadm_token ./keadm_token\r\n\r\nKEADM_TOKEN=$(cat ./keadm_token)\r\n\r\nkeadm join --cloudcore-ipport=34.135.122.182:10000 --token=$KEADM_TOKEN",
            "min_cpu_platform": "",
            "name": "edgecore-6",
            "network_interface": [
              {
                "access_config": [],
                "alias_ip_range": [],
                "ipv6_access_config": [],
                "ipv6_access_type": "",
                "name": "nic0",
                "network": "https://www.googleapis.com/compute/v1/projects/edge-benchmark/global/networks/test-network",
                "network_ip": "10.2.0.4",
                "nic_type": "",
                "queue_count": 0,
                "stack_type": "IPV4_ONLY",
                "subnetwork": "https://www.googleapis.com/compute/v1/projects/edge-benchmark/regions/us-central1/subnetworks/kubeedge-subnetwork-1",
                "subnetwork_project": "edge-benchmark"
              }
            ],
            "project": "edge-benchmark",
            "reservation_affinity": [],
            "resource_policies": null,
            "scheduling": [
              {
                "automatic_restart": true,
                "min_node_cpus": 0,
                "node_affinities": [],
                "on_host_maintenance": "MIGRATE",
                "preemptible": false
              }
            ],
            "scratch_disk": [],
            "self_link": "https://www.googleapis.com/compute/v1/projects/edge-benchmark/zones/us-central1-a/instances/edgecore-6",
            "service_account": [
              {
                "email": "870520033135-compute@developer.gserviceaccount.com",
                "scopes": [
                  "https://www.googleapis.com/auth/cloud-platform"
                ]
              }
            ],
            "shielded_instance_config": [
              {
                "enable_integrity_monitoring": true,
                "enable_secure_boot": false,
                "enable_vtpm": true
              }
            ],
            "tags": null,
            "tags_fingerprint": "42WmSpB8rSM=",
            "timeouts": null,
            "zone": "us-central1-a"
          },
          "sensitive_attributes": [],
          "private": "eyJlMmJmYjczMC1lY2FhLTExZTYtOGY4OC0zNDM2M2JjN2M0YzAiOnsiY3JlYXRlIjoxMjAwMDAwMDAwMDAwLCJkZWxldGUiOjEyMDAwMDAwMDAwMDAsInVwZGF0ZSI6MTIwMDAwMDAwMDAwMH0sInNjaGVtYV92ZXJzaW9uIjoiNiJ9",
          "dependencies": [
            "data.google_compute_image.ubuntu",
            "data.template_file.cloudcore_init",
            "data.template_file.edgecore_init",
            "google_compute_instance.kubeedge_cloudcore",
            "google_compute_network.compute-network",
            "google_compute_subnetwork.compute-subnetwork",
            "google_storage_bucket.config_bucket"
          ]
        }
      ]
    },
    {
      "mode": "managed",
      "type": "google_compute_network",
      "name": "compute-network",
      "provider": "provider[\"registry.terraform.io/hashicorp/google\"]",
      "instances": [
        {
          "schema_version": 0,
          "attributes": {
            "auto_create_subnetworks": false,
            "delete_default_routes_on_create": false,
            "description": "",
            "gateway_ipv4": "",
            "id": "projects/edge-benchmark/global/networks/test-network",
            "mtu": 0,
            "name": "test-network",
            "project": "edge-benchmark",
            "routing_mode": "REGIONAL",
            "self_link": "https://www.googleapis.com/compute/v1/projects/edge-benchmark/global/networks/test-network",
            "timeouts": null
          },
          "sensitive_attributes": [],
          "private": "eyJlMmJmYjczMC1lY2FhLTExZTYtOGY4OC0zNDM2M2JjN2M0YzAiOnsiY3JlYXRlIjoyNDAwMDAwMDAwMDAsImRlbGV0ZSI6MjQwMDAwMDAwMDAwLCJ1cGRhdGUiOjI0MDAwMDAwMDAwMH19"
        }
      ]
    },
    {
      "mode": "managed",
      "type": "google_compute_subnetwork",
      "name": "compute-subnetwork",
      "provider": "provider[\"registry.terraform.io/hashicorp/google\"]",
      "instances": [
        {
          "schema_version": 0,
          "attributes": {
            "creation_timestamp": "2021-12-04T04:56:12.357-08:00",
            "description": "",
            "external_ipv6_prefix": "",
            "fingerprint": null,
            "gateway_address": "10.2.0.1",
            "id": "projects/edge-benchmark/regions/us-central1/subnetworks/kubeedge-subnetwork-1",
            "ip_cidr_range": "10.2.0.0/16",
            "ipv6_access_type": "",
            "ipv6_cidr_range": "",
            "log_config": [],
            "name": "kubeedge-subnetwork-1",
            "network": "https://www.googleapis.com/compute/v1/projects/edge-benchmark/global/networks/test-network",
            "private_ip_google_access": false,
            "private_ipv6_google_access": "DISABLE_GOOGLE_ACCESS",
            "project": "edge-benchmark",
            "purpose": "PRIVATE",
            "region": "us-central1",
            "role": "",
            "secondary_ip_range": [],
            "self_link": "https://www.googleapis.com/compute/v1/projects/edge-benchmark/regions/us-central1/subnetworks/kubeedge-subnetwork-1",
            "stack_type": "IPV4_ONLY",
            "timeouts": null
          },
          "sensitive_attributes": [],
          "private": "eyJlMmJmYjczMC1lY2FhLTExZTYtOGY4OC0zNDM2M2JjN2M0YzAiOnsiY3JlYXRlIjozNjAwMDAwMDAwMDAsImRlbGV0ZSI6MzYwMDAwMDAwMDAwLCJ1cGRhdGUiOjM2MDAwMDAwMDAwMH19",
          "dependencies": [
            "google_compute_network.compute-network"
          ]
        }
      ]
    },
    {
      "mode": "managed",
      "type": "google_storage_bucket",
      "name": "config_bucket",
      "provider": "provider[\"registry.terraform.io/hashicorp/google\"]",
      "instances": [
        {
          "schema_version": 0,
          "attributes": {
            "cors": [],
            "default_event_based_hold": false,
            "encryption": [],
            "force_destroy": true,
            "id": "edge-benchmark-config-bucket",
            "labels": null,
            "lifecycle_rule": [],
            "location": "US-CENTRAL1",
            "logging": [],
            "name": "edge-benchmark-config-bucket",
            "project": "edge-benchmark",
            "requester_pays": false,
            "retention_policy": [],
            "self_link": "https://www.googleapis.com/storage/v1/b/edge-benchmark-config-bucket",
            "storage_class": "STANDARD",
            "uniform_bucket_level_access": false,
            "url": "gs://edge-benchmark-config-bucket",
            "versioning": [],
            "website": []
          },
          "sensitive_attributes": [],
          "private": "bnVsbA=="
        }
      ]
    },
    {
      "mode": "managed",
      "type": "null_resource",
      "name": "download_kube_config",
      "provider": "provider[\"registry.terraform.io/hashicorp/null\"]",
      "instances": [
        {
          "status": "tainted",
          "schema_version": 0,
          "attributes": {
            "id": "5983186363437978776",
            "triggers": null
          },
          "sensitive_attributes": [],
          "private": "bnVsbA==",
          "dependencies": [
            "google_storage_bucket.config_bucket"
          ]
        }
      ]
    }
  ]
}
